
Microsoft Visual Studio Solution File, Format Version 12.00
# Visual Studio Version 17
VisualStudioVersion = 17.6.33829.357
MinimumVisualStudioVersion = 10.0.40219.1
Project("{FAE04EC0-301F-11D3-BF4B-00C04F79EFBC}") = "SimpleRPG", "SimpleRPG\SimpleRPG.csproj", "{6B22CE7A-9C64-4757-B006-68485AE27F81}"
EndProject
Global
	GlobalSection(SolutionConfigurationPlatforms) = preSolution
		Debug|Any CPU = Debug|Any CPU
		Release|Any CPU = Release|Any CPU
	EndGlobalSection
	GlobalSection(ProjectConfigurationPlatforms) = postSolution
		{6B22CE7A-9C64-4757-B006-68485AE27F81}.Debug|Any CPU.ActiveCfg = Debug|Any CPU
		{6B22CE7A-9C64-4757-B006-68485AE27F81}.Debug|Any CPU.Build.0 = Debug|Any CPU
		{6B22CE7A-9C64-4757-B006-68485AE27F81}.Release|Any CPU.ActiveCfg = Release|Any CPU
		{6B22CE7A-9C64-4757-B006-68485AE27F81}.Release|Any CPU.Build.0 = Release|Any CPU
	EndGlobalSection
	GlobalSection(SolutionProperties) = preSolution
		HideSolutionNode = FALSE
	EndGlobalSection
	GlobalSection(ExtensibilityGlobals) = postSolution
		SolutionGuid = {23AF2B91-2195-4C43-B8D4-93EC7BEBE4E5}
	EndGlobalSection
EndGlobal
